
Microsoft Visual Studio Solution File, Format Version 12.00
# Visual Studio 15
VisualStudioVersion = 15.0.27130.2027
MinimumVisualStudioVersion = 10.0.40219.1
Project("{9A19103F-16F7-4668-BE54-9A1E7A4F7556}") = "M2C.Core.Abstractions", "src\M2C.Core.Abstractions\M2C.Core.Abstractions.csproj", "{8603FCF5-0C1B-4CA5-B2F7-B06D805D2100}"
EndProject
Project("{9A19103F-16F7-4668-BE54-9A1E7A4F7556}") = "M2C.Core", "src\M2C.Core\M2C.Core.csproj", "{875F5C90-7DE8-4E91-98FB-3598CACBEE14}"
EndProject
Project("{9A19103F-16F7-4668-BE54-9A1E7A4F7556}") = "M2C.Data.Abstractions", "src\M2C.Data.Abstractions\M2C.Data.Abstractions.csproj", "{CD053EDD-D2D3-47A6-9E53-4AEDD99A719B}"
EndProject
Project("{9A19103F-16F7-4668-BE54-9A1E7A4F7556}") = "M2C.Data.MySql", "src\M2C.Data.MySql\M2C.Data.MySql.csproj", "{C42C418B-173A-4F17-90A8-DD362A3DD3AA}"
EndProject
Project("{9A19103F-16F7-4668-BE54-9A1E7A4F7556}") = "M2C.Data.SqlServer", "src\M2C.Data.SqlServer\M2C.Data.SqlServer.csproj", "{EB15B0D2-6967-4434-A6E8-CCBD105D0E3F}"
EndProject
Project("{2150E333-8FDC-42A3-9474-1A3956D46DE8}") = "core", "core", "{CF5EDC88-C9CB-4EA5-95DF-7E75923823DF}"
EndProject
Project("{2150E333-8FDC-42A3-9474-1A3956D46DE8}") = "app", "app", "{C6F6AFFD-1C7B-4F02-8C28-7AB51866B17E}"
EndProject
Project("{9A19103F-16F7-4668-BE54-9A1E7A4F7556}") = "M2C.Content.Model", "app\M2C.Content.Model\M2C.Content.Model.csproj", "{1AD14763-3625-47F9-85B5-4D9963A9E028}"
EndProject
Project("{9A19103F-16F7-4668-BE54-9A1E7A4F7556}") = "M2C.Content.Search", "app\M2C.Content.Search\M2C.Content.Search.csproj", "{6E6DB84F-7872-48F0-95F7-0D8DFE4F9C9F}"
EndProject
Project("{9A19103F-16F7-4668-BE54-9A1E7A4F7556}") = "M2C.Search.Abstractions", "app\M2C.Search.Abstractions\M2C.Search.Abstractions.csproj", "{C467D6AC-C5ED-4895-ADCD-5EA1E03E1027}"
EndProject
Project("{9A19103F-16F7-4668-BE54-9A1E7A4F7556}") = "M2C.Content.Data.MongoDb", "app\M2C.Content.Data.MongoDb\M2C.Content.Data.MongoDb.csproj", "{C900BD7C-D480-43DB-9EF5-E402FEB68A43}"
EndProject
Project("{9A19103F-16F7-4668-BE54-9A1E7A4F7556}") = "M2C.Content.Data.Api", "app\M2C.Content.Data.Api\M2C.Content.Data.Api.csproj", "{BF338D0E-2291-40F1-9C7F-204062D7E2E3}"
EndProject
Project("{9A19103F-16F7-4668-BE54-9A1E7A4F7556}") = "M2C.Content.Api.Controllers", "app\M2C.Content.Api.Controllers\M2C.Content.Api.Controllers.csproj", "{84C9ABE3-BC50-491B-BBF1-C65DDC6C565A}"
EndProject
Project("{9A19103F-16F7-4668-BE54-9A1E7A4F7556}") = "M2C.Content.Api", "app\M2C.Content.Api\M2C.Content.Api.csproj", "{7C2CA5D7-3801-464F-847E-EBFC615090E4}"
EndProject
Project("{FAE04EC0-301F-11D3-BF4B-00C04F79EFBC}") = "M2C.Content.Wpf", "app\M2C.Content.Wpf\M2C.Content.Wpf.csproj", "{2712008B-AC38-4C35-9B35-B4255B36DEFE}"
EndProject
Project("{2150E333-8FDC-42A3-9474-1A3956D46DE8}") = "clients", "clients", "{B8979BB5-6F1F-4133-90A1-ED87181B7C0C}"
EndProject
Project("{2150E333-8FDC-42A3-9474-1A3956D46DE8}") = "test", "test", "{B9BF80AD-5FCE-4D9E-9FFC-6A5B43FDD857}"
EndProject
Project("{9A19103F-16F7-4668-BE54-9A1E7A4F7556}") = "M2C.Core.Abstractions.Test", "test\M2C.Core.Abstractions.Test\M2C.Core.Abstractions.Test.csproj", "{B442B578-1BD5-4CAF-83D2-D86B3AFE7892}"
EndProject
Project("{9A19103F-16F7-4668-BE54-9A1E7A4F7556}") = "M2C.Core.Test", "test\M2C.Core.Test\M2C.Core.Test.csproj", "{57FCD215-0CB5-4564-A14F-FA82E78AC80E}"
EndProject
Project("{2150E333-8FDC-42A3-9474-1A3956D46DE8}") = "web", "web", "{D2F188AC-8C5F-4431-B0D2-05E27A6A8023}"
EndProject
Project("{9A19103F-16F7-4668-BE54-9A1E7A4F7556}") = "M2C.Web.Model", "app\M2C.Web.Model\M2C.Web.Model.csproj", "{4CD379E5-5967-42CE-BE67-0981FF12643A}"
EndProject
Project("{9A19103F-16F7-4668-BE54-9A1E7A4F7556}") = "M2C.Web.Controllers", "app\M2C.Web.Controllers\M2C.Web.Controllers.csproj", "{AA6330D1-3E93-4674-9BDB-6D3143E95E41}"
EndProject
Project("{9A19103F-16F7-4668-BE54-9A1E7A4F7556}") = "M2C.Web.Middleware", "app\M2C.Web.Middleware\M2C.Web.Middleware.csproj", "{D18DF137-2D89-4E40-BDC4-201B1D120B26}"
EndProject
Project("{9A19103F-16F7-4668-BE54-9A1E7A4F7556}") = "M2C.Web.Data.MongoDb", "app\M2C.Web.Data.MongoDb\M2C.Web.Data.MongoDb.csproj", "{7B5E8146-2093-44C4-ADE0-3A052E450EF2}"
EndProject
Project("{9A19103F-16F7-4668-BE54-9A1E7A4F7556}") = "M2C.Data.MongoDb", "src\M2C.Data.MongoDb\M2C.Data.MongoDb.csproj", "{C97AE715-CD29-4D08-9A35-2AE895D9F39F}"
EndProject
Project("{FAE04EC0-301F-11D3-BF4B-00C04F79EFBC}") = "M2C.Web", "app\M2C.Web\M2C.Web.csproj", "{C5B8425B-E67E-4EB6-A01D-6A56E9AEBC53}"
EndProject
Global
	GlobalSection(SolutionConfigurationPlatforms) = preSolution
		Debug|Any CPU = Debug|Any CPU
		Release|Any CPU = Release|Any CPU
	EndGlobalSection
	GlobalSection(ProjectConfigurationPlatforms) = postSolution
		{8603FCF5-0C1B-4CA5-B2F7-B06D805D2100}.Debug|Any CPU.ActiveCfg = Debug|Any CPU
		{8603FCF5-0C1B-4CA5-B2F7-B06D805D2100}.Debug|Any CPU.Build.0 = Debug|Any CPU
		{8603FCF5-0C1B-4CA5-B2F7-B06D805D2100}.Release|Any CPU.ActiveCfg = Release|Any CPU
		{8603FCF5-0C1B-4CA5-B2F7-B06D805D2100}.Release|Any CPU.Build.0 = Release|Any CPU
		{875F5C90-7DE8-4E91-98FB-3598CACBEE14}.Debug|Any CPU.ActiveCfg = Debug|Any CPU
		{875F5C90-7DE8-4E91-98FB-3598CACBEE14}.Debug|Any CPU.Build.0 = Debug|Any CPU
		{875F5C90-7DE8-4E91-98FB-3598CACBEE14}.Release|Any CPU.ActiveCfg = Release|Any CPU
		{875F5C90-7DE8-4E91-98FB-3598CACBEE14}.Release|Any CPU.Build.0 = Release|Any CPU
		{CD053EDD-D2D3-47A6-9E53-4AEDD99A719B}.Debug|Any CPU.ActiveCfg = Debug|Any CPU
		{CD053EDD-D2D3-47A6-9E53-4AEDD99A719B}.Debug|Any CPU.Build.0 = Debug|Any CPU
		{CD053EDD-D2D3-47A6-9E53-4AEDD99A719B}.Release|Any CPU.ActiveCfg = Release|Any CPU
		{CD053EDD-D2D3-47A6-9E53-4AEDD99A719B}.Release|Any CPU.Build.0 = Release|Any CPU
		{C42C418B-173A-4F17-90A8-DD362A3DD3AA}.Debug|Any CPU.ActiveCfg = Debug|Any CPU
		{C42C418B-173A-4F17-90A8-DD362A3DD3AA}.Debug|Any CPU.Build.0 = Debug|Any CPU
		{C42C418B-173A-4F17-90A8-DD362A3DD3AA}.Release|Any CPU.ActiveCfg = Release|Any CPU
		{C42C418B-173A-4F17-90A8-DD362A3DD3AA}.Release|Any CPU.Build.0 = Release|Any CPU
		{EB15B0D2-6967-4434-A6E8-CCBD105D0E3F}.Debug|Any CPU.ActiveCfg = Debug|Any CPU
		{EB15B0D2-6967-4434-A6E8-CCBD105D0E3F}.Debug|Any CPU.Build.0 = Debug|Any CPU
		{EB15B0D2-6967-4434-A6E8-CCBD105D0E3F}.Release|Any CPU.ActiveCfg = Release|Any CPU
		{EB15B0D2-6967-4434-A6E8-CCBD105D0E3F}.Release|Any CPU.Build.0 = Release|Any CPU
		{1AD14763-3625-47F9-85B5-4D9963A9E028}.Debug|Any CPU.ActiveCfg = Debug|Any CPU
		{1AD14763-3625-47F9-85B5-4D9963A9E028}.Debug|Any CPU.Build.0 = Debug|Any CPU
		{1AD14763-3625-47F9-85B5-4D9963A9E028}.Release|Any CPU.ActiveCfg = Release|Any CPU
		{1AD14763-3625-47F9-85B5-4D9963A9E028}.Release|Any CPU.Build.0 = Release|Any CPU
		{6E6DB84F-7872-48F0-95F7-0D8DFE4F9C9F}.Debug|Any CPU.ActiveCfg = Debug|Any CPU
		{6E6DB84F-7872-48F0-95F7-0D8DFE4F9C9F}.Debug|Any CPU.Build.0 = Debug|Any CPU
		{6E6DB84F-7872-48F0-95F7-0D8DFE4F9C9F}.Release|Any CPU.ActiveCfg = Release|Any CPU
		{6E6DB84F-7872-48F0-95F7-0D8DFE4F9C9F}.Release|Any CPU.Build.0 = Release|Any CPU
		{C467D6AC-C5ED-4895-ADCD-5EA1E03E1027}.Debug|Any CPU.ActiveCfg = Debug|Any CPU
		{C467D6AC-C5ED-4895-ADCD-5EA1E03E1027}.Debug|Any CPU.Build.0 = Debug|Any CPU
		{C467D6AC-C5ED-4895-ADCD-5EA1E03E1027}.Release|Any CPU.ActiveCfg = Release|Any CPU
		{C467D6AC-C5ED-4895-ADCD-5EA1E03E1027}.Release|Any CPU.Build.0 = Release|Any CPU
		{C900BD7C-D480-43DB-9EF5-E402FEB68A43}.Debug|Any CPU.ActiveCfg = Debug|Any CPU
		{C900BD7C-D480-43DB-9EF5-E402FEB68A43}.Debug|Any CPU.Build.0 = Debug|Any CPU
		{C900BD7C-D480-43DB-9EF5-E402FEB68A43}.Release|Any CPU.ActiveCfg = Release|Any CPU
		{C900BD7C-D480-43DB-9EF5-E402FEB68A43}.Release|Any CPU.Build.0 = Release|Any CPU
		{BF338D0E-2291-40F1-9C7F-204062D7E2E3}.Debug|Any CPU.ActiveCfg = Debug|Any CPU
		{BF338D0E-2291-40F1-9C7F-204062D7E2E3}.Debug|Any CPU.Build.0 = Debug|Any CPU
		{BF338D0E-2291-40F1-9C7F-204062D7E2E3}.Release|Any CPU.ActiveCfg = Release|Any CPU
		{BF338D0E-2291-40F1-9C7F-204062D7E2E3}.Release|Any CPU.Build.0 = Release|Any CPU
		{84C9ABE3-BC50-491B-BBF1-C65DDC6C565A}.Debug|Any CPU.ActiveCfg = Debug|Any CPU
		{84C9ABE3-BC50-491B-BBF1-C65DDC6C565A}.Debug|Any CPU.Build.0 = Debug|Any CPU
		{84C9ABE3-BC50-491B-BBF1-C65DDC6C565A}.Release|Any CPU.ActiveCfg = Release|Any CPU
		{84C9ABE3-BC50-491B-BBF1-C65DDC6C565A}.Release|Any CPU.Build.0 = Release|Any CPU
		{7C2CA5D7-3801-464F-847E-EBFC615090E4}.Debug|Any CPU.ActiveCfg = Debug|Any CPU
		{7C2CA5D7-3801-464F-847E-EBFC615090E4}.Debug|Any CPU.Build.0 = Debug|Any CPU
		{7C2CA5D7-3801-464F-847E-EBFC615090E4}.Release|Any CPU.ActiveCfg = Release|Any CPU
		{7C2CA5D7-3801-464F-847E-EBFC615090E4}.Release|Any CPU.Build.0 = Release|Any CPU
		{2712008B-AC38-4C35-9B35-B4255B36DEFE}.Debug|Any CPU.ActiveCfg = Debug|Any CPU
		{2712008B-AC38-4C35-9B35-B4255B36DEFE}.Debug|Any CPU.Build.0 = Debug|Any CPU
		{2712008B-AC38-4C35-9B35-B4255B36DEFE}.Release|Any CPU.ActiveCfg = Release|Any CPU
		{2712008B-AC38-4C35-9B35-B4255B36DEFE}.Release|Any CPU.Build.0 = Release|Any CPU
		{B442B578-1BD5-4CAF-83D2-D86B3AFE7892}.Debug|Any CPU.ActiveCfg = Debug|Any CPU
		{B442B578-1BD5-4CAF-83D2-D86B3AFE7892}.Debug|Any CPU.Build.0 = Debug|Any CPU
		{B442B578-1BD5-4CAF-83D2-D86B3AFE7892}.Release|Any CPU.ActiveCfg = Release|Any CPU
		{B442B578-1BD5-4CAF-83D2-D86B3AFE7892}.Release|Any CPU.Build.0 = Release|Any CPU
		{57FCD215-0CB5-4564-A14F-FA82E78AC80E}.Debug|Any CPU.ActiveCfg = Debug|Any CPU
		{57FCD215-0CB5-4564-A14F-FA82E78AC80E}.Debug|Any CPU.Build.0 = Debug|Any CPU
		{57FCD215-0CB5-4564-A14F-FA82E78AC80E}.Release|Any CPU.ActiveCfg = Release|Any CPU
		{57FCD215-0CB5-4564-A14F-FA82E78AC80E}.Release|Any CPU.Build.0 = Release|Any CPU
		{4CD379E5-5967-42CE-BE67-0981FF12643A}.Debug|Any CPU.ActiveCfg = Debug|Any CPU
		{4CD379E5-5967-42CE-BE67-0981FF12643A}.Debug|Any CPU.Build.0 = Debug|Any CPU
		{4CD379E5-5967-42CE-BE67-0981FF12643A}.Release|Any CPU.ActiveCfg = Release|Any CPU
		{4CD379E5-5967-42CE-BE67-0981FF12643A}.Release|Any CPU.Build.0 = Release|Any CPU
		{AA6330D1-3E93-4674-9BDB-6D3143E95E41}.Debug|Any CPU.ActiveCfg = Debug|Any CPU
		{AA6330D1-3E93-4674-9BDB-6D3143E95E41}.Debug|Any CPU.Build.0 = Debug|Any CPU
		{AA6330D1-3E93-4674-9BDB-6D3143E95E41}.Release|Any CPU.ActiveCfg = Release|Any CPU
		{AA6330D1-3E93-4674-9BDB-6D3143E95E41}.Release|Any CPU.Build.0 = Release|Any CPU
		{D18DF137-2D89-4E40-BDC4-201B1D120B26}.Debug|Any CPU.ActiveCfg = Debug|Any CPU
		{D18DF137-2D89-4E40-BDC4-201B1D120B26}.Debug|Any CPU.Build.0 = Debug|Any CPU
		{D18DF137-2D89-4E40-BDC4-201B1D120B26}.Release|Any CPU.ActiveCfg = Release|Any CPU
		{D18DF137-2D89-4E40-BDC4-201B1D120B26}.Release|Any CPU.Build.0 = Release|Any CPU
		{7B5E8146-2093-44C4-ADE0-3A052E450EF2}.Debug|Any CPU.ActiveCfg = Debug|Any CPU
		{7B5E8146-2093-44C4-ADE0-3A052E450EF2}.Debug|Any CPU.Build.0 = Debug|Any CPU
		{7B5E8146-2093-44C4-ADE0-3A052E450EF2}.Release|Any CPU.ActiveCfg = Release|Any CPU
		{7B5E8146-2093-44C4-ADE0-3A052E450EF2}.Release|Any CPU.Build.0 = Release|Any CPU
		{C97AE715-CD29-4D08-9A35-2AE895D9F39F}.Debug|Any CPU.ActiveCfg = Debug|Any CPU
		{C97AE715-CD29-4D08-9A35-2AE895D9F39F}.Debug|Any CPU.Build.0 = Debug|Any CPU
		{C97AE715-CD29-4D08-9A35-2AE895D9F39F}.Release|Any CPU.ActiveCfg = Release|Any CPU
		{C97AE715-CD29-4D08-9A35-2AE895D9F39F}.Release|Any CPU.Build.0 = Release|Any CPU
		{C5B8425B-E67E-4EB6-A01D-6A56E9AEBC53}.Debug|Any CPU.ActiveCfg = Debug|Any CPU
		{C5B8425B-E67E-4EB6-A01D-6A56E9AEBC53}.Debug|Any CPU.Build.0 = Debug|Any CPU
		{C5B8425B-E67E-4EB6-A01D-6A56E9AEBC53}.Release|Any CPU.ActiveCfg = Release|Any CPU
		{C5B8425B-E67E-4EB6-A01D-6A56E9AEBC53}.Release|Any CPU.Build.0 = Release|Any CPU
	EndGlobalSection
	GlobalSection(SolutionProperties) = preSolution
		HideSolutionNode = FALSE
	EndGlobalSection
	GlobalSection(NestedProjects) = preSolution
		{8603FCF5-0C1B-4CA5-B2F7-B06D805D2100} = {CF5EDC88-C9CB-4EA5-95DF-7E75923823DF}
		{875F5C90-7DE8-4E91-98FB-3598CACBEE14} = {CF5EDC88-C9CB-4EA5-95DF-7E75923823DF}
		{CD053EDD-D2D3-47A6-9E53-4AEDD99A719B} = {CF5EDC88-C9CB-4EA5-95DF-7E75923823DF}
		{C42C418B-173A-4F17-90A8-DD362A3DD3AA} = {CF5EDC88-C9CB-4EA5-95DF-7E75923823DF}
		{EB15B0D2-6967-4434-A6E8-CCBD105D0E3F} = {CF5EDC88-C9CB-4EA5-95DF-7E75923823DF}
		{1AD14763-3625-47F9-85B5-4D9963A9E028} = {C6F6AFFD-1C7B-4F02-8C28-7AB51866B17E}
		{6E6DB84F-7872-48F0-95F7-0D8DFE4F9C9F} = {C6F6AFFD-1C7B-4F02-8C28-7AB51866B17E}
		{C467D6AC-C5ED-4895-ADCD-5EA1E03E1027} = {C6F6AFFD-1C7B-4F02-8C28-7AB51866B17E}
		{C900BD7C-D480-43DB-9EF5-E402FEB68A43} = {C6F6AFFD-1C7B-4F02-8C28-7AB51866B17E}
		{BF338D0E-2291-40F1-9C7F-204062D7E2E3} = {C6F6AFFD-1C7B-4F02-8C28-7AB51866B17E}
		{84C9ABE3-BC50-491B-BBF1-C65DDC6C565A} = {C6F6AFFD-1C7B-4F02-8C28-7AB51866B17E}
		{7C2CA5D7-3801-464F-847E-EBFC615090E4} = {C6F6AFFD-1C7B-4F02-8C28-7AB51866B17E}
		{2712008B-AC38-4C35-9B35-B4255B36DEFE} = {B8979BB5-6F1F-4133-90A1-ED87181B7C0C}
		{B8979BB5-6F1F-4133-90A1-ED87181B7C0C} = {C6F6AFFD-1C7B-4F02-8C28-7AB51866B17E}
		{B442B578-1BD5-4CAF-83D2-D86B3AFE7892} = {B9BF80AD-5FCE-4D9E-9FFC-6A5B43FDD857}
		{57FCD215-0CB5-4564-A14F-FA82E78AC80E} = {B9BF80AD-5FCE-4D9E-9FFC-6A5B43FDD857}
		{D2F188AC-8C5F-4431-B0D2-05E27A6A8023} = {C6F6AFFD-1C7B-4F02-8C28-7AB51866B17E}
		{4CD379E5-5967-42CE-BE67-0981FF12643A} = {D2F188AC-8C5F-4431-B0D2-05E27A6A8023}
		{AA6330D1-3E93-4674-9BDB-6D3143E95E41} = {D2F188AC-8C5F-4431-B0D2-05E27A6A8023}
		{D18DF137-2D89-4E40-BDC4-201B1D120B26} = {D2F188AC-8C5F-4431-B0D2-05E27A6A8023}
		{7B5E8146-2093-44C4-ADE0-3A052E450EF2} = {D2F188AC-8C5F-4431-B0D2-05E27A6A8023}
		{C97AE715-CD29-4D08-9A35-2AE895D9F39F} = {CF5EDC88-C9CB-4EA5-95DF-7E75923823DF}
		{C5B8425B-E67E-4EB6-A01D-6A56E9AEBC53} = {D2F188AC-8C5F-4431-B0D2-05E27A6A8023}
	EndGlobalSection
	GlobalSection(ExtensibilityGlobals) = postSolution
		SolutionGuid = {3E85CD01-15E5-491F-B3F3-479CE33118A3}
	EndGlobalSection
EndGlobal
